{
    "_readme": [
        "This file locks the dependencies of your project to a known state",
        "Read more about it at https://getcomposer.org/doc/01-basic-usage.md#composer-lock-the-lock-file",
        "This file is @generated automatically"
    ],
    "hash": "851ea750c673695c23ed12d1ea02bc0a",
    "content-hash": "02d093f5026cb5f03bcfef2ffbd8380e",
    "packages": [
        {
            "name": "athari/yalinqo",
            "version": "v2.3.0.0",
            "source": {
                "type": "git",
                "url": "https://github.com/Athari/YaLinqo.git",
                "reference": "0e07d8119c233b3ac3f624cef6e0b3207baef3e0"
            },
            "dist": {
                "type": "zip",
                "url": "https://api.github.com/repos/Athari/YaLinqo/zipball/0e07d8119c233b3ac3f624cef6e0b3207baef3e0",
                "reference": "0e07d8119c233b3ac3f624cef6e0b3207baef3e0",
                "shasum": ""
            },
            "require": {
                "php": ">=5.5"
            },
            "require-dev": {
                "phpdocumentor/phpdocumentor": "~2.8",
                "phpunit/phpunit": "<4.6",
                "satooshi/php-coveralls": "dev-master",
                "symfony/validator": "<2.5"
            },
            "type": "library",
            "extra": {
                "branch-alias": {
                    "dev-master": "2.x-dev"
                }
            },
            "autoload": {
                "files": [
                    "YaLinqo/Linq.php"
                ]
            },
            "notification-url": "https://packagist.org/downloads/",
            "license": [
                "Simplified BSD"
            ],
            "authors": [
                {
                    "name": "Alexander Prokhorov"
                }
            ],
            "description": "YaLinqo, a LINQ-to-objects library for PHP",
            "homepage": "https://github.com/Athari/YaLinqo",
            "keywords": [
                "linq",
                "linqo",
                "query",
                "statistic"
            ],
            "time": "2015-06-07 01:42:33"
        }
    ],
    "packages-dev": [],
    "aliases": [],
    "minimum-stability": "stable",
    "stability-flags": [],
    "prefer-stable": false,
    "prefer-lowest": false,
    "platform": [],
    "platform-dev": []
}
